
Microsoft Visual Studio Solution File, Format Version 12.00
# Visual Studio Version 17
VisualStudioVersion = 17.7.34221.43
MinimumVisualStudioVersion = 10.0.40219.1
Project("{FAE04EC0-301F-11D3-BF4B-00C04F79EFBC}") = "DanhSachLK_BT2", "DanhSachLK_BT2\DanhSachLK_BT2.csproj", "{14A21ED6-D6D7-473E-B03E-6E407E58AD7B}"
EndProject
Global
	GlobalSection(SolutionConfigurationPlatforms) = preSolution
		Debug|Any CPU = Debug|Any CPU
		Release|Any CPU = Release|Any CPU
	EndGlobalSection
	GlobalSection(ProjectConfigurationPlatforms) = postSolution
		{14A21ED6-D6D7-473E-B03E-6E407E58AD7B}.Debug|Any CPU.ActiveCfg = Debug|Any CPU
		{14A21ED6-D6D7-473E-B03E-6E407E58AD7B}.Debug|Any CPU.Build.0 = Debug|Any CPU
		{14A21ED6-D6D7-473E-B03E-6E407E58AD7B}.Release|Any CPU.ActiveCfg = Release|Any CPU
		{14A21ED6-D6D7-473E-B03E-6E407E58AD7B}.Release|Any CPU.Build.0 = Release|Any CPU
	EndGlobalSection
	GlobalSection(SolutionProperties) = preSolution
		HideSolutionNode = FALSE
	EndGlobalSection
	GlobalSection(ExtensibilityGlobals) = postSolution
		SolutionGuid = {C927F67F-C57B-4F73-8D89-0446BD9D88DA}
	EndGlobalSection
EndGlobal
