
Microsoft Visual Studio Solution File, Format Version 12.00
# Visual Studio Version 17
VisualStudioVersion = 17.7.34221.43
MinimumVisualStudioVersion = 10.0.40219.1
Project("{FAE04EC0-301F-11D3-BF4B-00C04F79EFBC}") = "DSLKDOn_NhapX_XoaX", "DSLKDOn_NhapX_XoaX\DSLKDOn_NhapX_XoaX.csproj", "{D109510C-0066-4E79-9C2F-AB7A86BDCAFE}"
EndProject
Global
	GlobalSection(SolutionConfigurationPlatforms) = preSolution
		Debug|Any CPU = Debug|Any CPU
		Release|Any CPU = Release|Any CPU
	EndGlobalSection
	GlobalSection(ProjectConfigurationPlatforms) = postSolution
		{D109510C-0066-4E79-9C2F-AB7A86BDCAFE}.Debug|Any CPU.ActiveCfg = Debug|Any CPU
		{D109510C-0066-4E79-9C2F-AB7A86BDCAFE}.Debug|Any CPU.Build.0 = Debug|Any CPU
		{D109510C-0066-4E79-9C2F-AB7A86BDCAFE}.Release|Any CPU.ActiveCfg = Release|Any CPU
		{D109510C-0066-4E79-9C2F-AB7A86BDCAFE}.Release|Any CPU.Build.0 = Release|Any CPU
	EndGlobalSection
	GlobalSection(SolutionProperties) = preSolution
		HideSolutionNode = FALSE
	EndGlobalSection
	GlobalSection(ExtensibilityGlobals) = postSolution
		SolutionGuid = {73DCA666-F412-4FC4-8A9C-F4BE7BF35587}
	EndGlobalSection
EndGlobal
