
Microsoft Visual Studio Solution File, Format Version 12.00
# Visual Studio Version 17
VisualStudioVersion = 17.7.34221.43
MinimumVisualStudioVersion = 10.0.40219.1
Project("{FAE04EC0-301F-11D3-BF4B-00C04F79EFBC}") = "BT_Chuong1 OOP", "BT_Chuong1 OOP\BT_Chuong1 OOP.csproj", "{5980233A-1CCF-4F21-A758-BADEC656B0AD}"
EndProject
Global
	GlobalSection(SolutionConfigurationPlatforms) = preSolution
		Debug|Any CPU = Debug|Any CPU
		Release|Any CPU = Release|Any CPU
	EndGlobalSection
	GlobalSection(ProjectConfigurationPlatforms) = postSolution
		{5980233A-1CCF-4F21-A758-BADEC656B0AD}.Debug|Any CPU.ActiveCfg = Debug|Any CPU
		{5980233A-1CCF-4F21-A758-BADEC656B0AD}.Debug|Any CPU.Build.0 = Debug|Any CPU
		{5980233A-1CCF-4F21-A758-BADEC656B0AD}.Release|Any CPU.ActiveCfg = Release|Any CPU
		{5980233A-1CCF-4F21-A758-BADEC656B0AD}.Release|Any CPU.Build.0 = Release|Any CPU
	EndGlobalSection
	GlobalSection(SolutionProperties) = preSolution
		HideSolutionNode = FALSE
	EndGlobalSection
	GlobalSection(ExtensibilityGlobals) = postSolution
		SolutionGuid = {18C13BDE-249A-44C4-9296-B8BF007F7776}
	EndGlobalSection
EndGlobal
