
Microsoft Visual Studio Solution File, Format Version 12.00
# Visual Studio Version 17
VisualStudioVersion = 17.7.34221.43
MinimumVisualStudioVersion = 10.0.40219.1
Project("{FAE04EC0-301F-11D3-BF4B-00C04F79EFBC}") = "Accout_DongVat_DAHINH", "Accout_DongVat_DAHINH\Accout_DongVat_DAHINH.csproj", "{2268690E-D34B-4271-9080-B801407597B7}"
EndProject
Global
	GlobalSection(SolutionConfigurationPlatforms) = preSolution
		Debug|Any CPU = Debug|Any CPU
		Release|Any CPU = Release|Any CPU
	EndGlobalSection
	GlobalSection(ProjectConfigurationPlatforms) = postSolution
		{2268690E-D34B-4271-9080-B801407597B7}.Debug|Any CPU.ActiveCfg = Debug|Any CPU
		{2268690E-D34B-4271-9080-B801407597B7}.Debug|Any CPU.Build.0 = Debug|Any CPU
		{2268690E-D34B-4271-9080-B801407597B7}.Release|Any CPU.ActiveCfg = Release|Any CPU
		{2268690E-D34B-4271-9080-B801407597B7}.Release|Any CPU.Build.0 = Release|Any CPU
	EndGlobalSection
	GlobalSection(SolutionProperties) = preSolution
		HideSolutionNode = FALSE
	EndGlobalSection
	GlobalSection(ExtensibilityGlobals) = postSolution
		SolutionGuid = {22C04D62-7672-4C6A-8B37-BEBA2DEFA784}
	EndGlobalSection
EndGlobal
