
Microsoft Visual Studio Solution File, Format Version 12.00
# Visual Studio Version 17
VisualStudioVersion = 17.7.34221.43
MinimumVisualStudioVersion = 10.0.40219.1
Project("{FAE04EC0-301F-11D3-BF4B-00C04F79EFBC}") = "BaiTap1_Stack_OOP", "BaiTap1_Stack_OOP\BaiTap1_Stack_OOP.csproj", "{7582D94D-6EB9-4A21-978A-F92FE80C322F}"
EndProject
Global
	GlobalSection(SolutionConfigurationPlatforms) = preSolution
		Debug|Any CPU = Debug|Any CPU
		Release|Any CPU = Release|Any CPU
	EndGlobalSection
	GlobalSection(ProjectConfigurationPlatforms) = postSolution
		{7582D94D-6EB9-4A21-978A-F92FE80C322F}.Debug|Any CPU.ActiveCfg = Debug|Any CPU
		{7582D94D-6EB9-4A21-978A-F92FE80C322F}.Debug|Any CPU.Build.0 = Debug|Any CPU
		{7582D94D-6EB9-4A21-978A-F92FE80C322F}.Release|Any CPU.ActiveCfg = Release|Any CPU
		{7582D94D-6EB9-4A21-978A-F92FE80C322F}.Release|Any CPU.Build.0 = Release|Any CPU
	EndGlobalSection
	GlobalSection(SolutionProperties) = preSolution
		HideSolutionNode = FALSE
	EndGlobalSection
	GlobalSection(ExtensibilityGlobals) = postSolution
		SolutionGuid = {4F1C4E44-7759-4648-9382-C56F91364B8C}
	EndGlobalSection
EndGlobal
